// !$*UTF8*$!
{
	archiveVersion = 1;
	classes = {
	};
	objectVersion = 46;
	objects = {

/* Begin PBXBuildFile section */
		6EF502541AAE89E600693EA9 /* main.m in Sources */ = {isa = PBXBuildFile; fileRef = 6EF502531AAE89E600693EA9 /* main.m */; };
		6EF502571AAE89E600693EA9 /* AppDelegate.m in Sources */ = {isa = PBXBuildFile; fileRef = 6EF502561AAE89E600693EA9 /* AppDelegate.m */; };
		6EF5025F1AAE89E600693EA9 /* Images.xcassets in Resources */ = {isa = PBXBuildFile; fileRef = 6EF5025E1AAE89E600693EA9 /* Images.xcassets */; };
		6EF5026E1AAE89E600693EA9 /* BlocBrowserTests.m in Sources */ = {isa = PBXBuildFile; fileRef = 6EF5026D1AAE89E600693EA9 /* BlocBrowserTests.m */; };
		6EF502791AAE89F700693EA9 /* BLCWebBrowserViewController.m in Sources */ = {isa = PBXBuildFile; fileRef = 6EF502781AAE89F700693EA9 /* BLCWebBrowserViewController.m */; };
/* End PBXBuildFile section */

/* Begin PBXContainerItemProxy section */
		6EF502681AAE89E600693EA9 /* PBXContainerItemProxy */ = {
			isa = PBXContainerItemProxy;
			containerPortal = 6EF502461AAE89E600693EA9 /* Project object */;
			proxyType = 1;
			remoteGlobalIDString = 6EF5024D1AAE89E600693EA9;
			remoteInfo = BlocBrowser;
		};
/* End PBXContainerItemProxy section */

/* Begin PBXFileReference section */
		6EF5024E1AAE89E600693EA9 /* BlocBrowser.app */ = {isa = PBXFileReference; explicitFileType = wrapper.application; includeInIndex = 0; path = BlocBrowser.app; sourceTree = BUILT_PRODUCTS_DIR; };
		6EF502521AAE89E600693EA9 /* Info.plist */ = {isa = PBXFileReference; lastKnownFileType = text.plist.xml; path = Info.plist; sourceTree = "<group>"; };
		6EF502531AAE89E600693EA9 /* main.m */ = {isa = PBXFileReference; lastKnownFileType = sourcecode.c.objc; path = main.m; sourceTree = "<group>"; };
		6EF502551AAE89E600693EA9 /* AppDelegate.h */ = {isa = PBXFileReference; lastKnownFileType = sourcecode.c.h; path = AppDelegate.h; sourceTree = "<group>"; };
		6EF502561AAE89E600693EA9 /* AppDelegate.m */ = {isa = PBXFileReference; lastKnownFileType = sourcecode.c.objc; path = AppDelegate.m; sourceTree = "<group>"; };
		6EF5025E1AAE89E600693EA9 /* Images.xcassets */ = {isa = PBXFileReference; lastKnownFileType = folder.assetcatalog; path = Images.xcassets; sourceTree = "<group>"; };
		6EF502671AAE89E600693EA9 /* BlocBrowserTests.xctest */ = {isa = PBXFileReference; explicitFileType = wrapper.cfbundle; includeInIndex = 0; path = BlocBrowserTests.xctest; sourceTree = BUILT_PRODUCTS_DIR; };
		6EF5026C1AAE89E600693EA9 /* Info.plist */ = {isa = PBXFileReference; lastKnownFileType = text.plist.xml; path = Info.plist; sourceTree = "<group>"; };
		6EF5026D1AAE89E600693EA9 /* BlocBrowserTests.m */ = {isa = PBXFileReference; lastKnownFileType = sourcecode.c.objc; path = BlocBrowserTests.m; sourceTree = "<group>"; };
		6EF502771AAE89F700693EA9 /* BLCWebBrowserViewController.h */ = {isa = PBXFileReference; fileEncoding = 4; lastKnownFileType = sourcecode.c.h; name = BLCWebBrowserViewController.h; path = ../BLCWebBrowserViewController.h; sourceTree = "<group>"; };
		6EF502781AAE89F700693EA9 /* BLCWebBrowserViewController.m */ = {isa = PBXFileReference; fileEncoding = 4; lastKnownFileType = sourcecode.c.objc; name = BLCWebBrowserViewController.m; path = ../BLCWebBrowserViewController.m; sourceTree = "<group>"; };
/* End PBXFileReference section */

/* Begin PBXFrameworksBuildPhase section */
		6EF5024B1AAE89E600693EA9 /* Frameworks */ = {
			isa = PBXFrameworksBuildPhase;
			buildActionMask = 2147483647;
			files = (
			);
			runOnlyForDeploymentPostprocessing = 0;
		};
		6EF502641AAE89E600693EA9 /* Frameworks */ = {
			isa = PBXFrameworksBuildPhase;
			buildActionMask = 2147483647;
			files = (
			);
			runOnlyForDeploymentPostprocessing = 0;
		};
/* End PBXFrameworksBuildPhase section */

/* Begin PBXGroup section */
		6EF502451AAE89E600693EA9 = {
			isa = PBXGroup;
			children = (
				6EF502501AAE89E600693EA9 /* BlocBrowser */,
				6EF5026A1AAE89E600693EA9 /* BlocBrowserTests */,
				6EF5024F1AAE89E600693EA9 /* Products */,
			);
			sourceTree = "<group>";
		};
		6EF5024F1AAE89E600693EA9 /* Products */ = {
			isa = PBXGroup;
			children = (
				6EF5024E1AAE89E600693EA9 /* BlocBrowser.app */,
				6EF502671AAE89E600693EA9 /* BlocBrowserTests.xctest */,
			);
			name = Products;
			sourceTree = "<group>";
		};
		6EF502501AAE89E600693EA9 /* BlocBrowser */ = {
			isa = PBXGroup;
			children = (
				6EF502551AAE89E600693EA9 /* AppDelegate.h */,
				6EF502561AAE89E600693EA9 /* AppDelegate.m */,
				6EF502771AAE89F700693EA9 /* BLCWebBrowserViewController.h */,
				6EF502781AAE89F700693EA9 /* BLCWebBrowserViewController.m */,
				6EF5025E1AAE89E600693EA9 /* Images.xcassets */,
				6EF502511AAE89E600693EA9 /* Supporting Files */,
			);
			path = BlocBrowser;
			sourceTree = "<group>";
		};
		6EF502511AAE89E600693EA9 /* Supporting Files */ = {
			isa = PBXGroup;
			children = (
				6EF502521AAE89E600693EA9 /* Info.plist */,
				6EF502531AAE89E600693EA9 /* main.m */,
			);
			name = "Supporting Files";
			sourceTree = "<group>";
		};
		6EF5026A1AAE89E600693EA9 /* BlocBrowserTests */ = {
			isa = PBXGroup;
			children = (
				6EF5026D1AAE89E600693EA9 /* BlocBrowserTests.m */,
				6EF5026B1AAE89E600693EA9 /* Supporting Files */,
			);
			path = BlocBrowserTests;
			sourceTree = "<group>";
		};
		6EF5026B1AAE89E600693EA9 /* Supporting Files */ = {
			isa = PBXGroup;
			children = (
				6EF5026C1AAE89E600693EA9 /* Info.plist */,
			);
			name = "Supporting Files";
			sourceTree = "<group>";
		};
/* End PBXGroup section */

/* Begin PBXNativeTarget section */
		6EF5024D1AAE89E600693EA9 /* BlocBrowser */ = {
			isa = PBXNativeTarget;
			buildConfigurationList = 6EF502711AAE89E600693EA9 /* Build configuration list for PBXNativeTarget "BlocBrowser" */;
			buildPhases = (
				6EF5024A1AAE89E600693EA9 /* Sources */,
				6EF5024B1AAE89E600693EA9 /* Frameworks */,
				6EF5024C1AAE89E600693EA9 /* Resources */,
			);
			buildRules = (
			);
			dependencies = (
			);
			name = BlocBrowser;
			productName = BlocBrowser;
			productReference = 6EF5024E1AAE89E600693EA9 /* BlocBrowser.app */;
			productType = "com.apple.product-type.application";
		};
		6EF502661AAE89E600693EA9 /* BlocBrowserTests */ = {
			isa = PBXNativeTarget;
			buildConfigurationList = 6EF502741AAE89E600693EA9 /* Build configuration list for PBXNativeTarget "BlocBrowserTests" */;
			buildPhases = (
				6EF502631AAE89E600693EA9 /* Sources */,
				6EF502641AAE89E600693EA9 /* Frameworks */,
				6EF502651AAE89E600693EA9 /* Resources */,
			);
			buildRules = (
			);
			dependencies = (
				6EF502691AAE89E600693EA9 /* PBXTargetDependency */,
			);
			name = BlocBrowserTests;
			productName = BlocBrowserTests;
			productReference = 6EF502671AAE89E600693EA9 /* BlocBrowserTests.xctest */;
			productType = "com.apple.product-type.bundle.unit-test";
		};
/* End PBXNativeTarget section */

/* Begin PBXProject section */
		6EF502461AAE89E600693EA9 /* Project object */ = {
			isa = PBXProject;
			attributes = {
				LastUpgradeCheck = 0610;
				ORGANIZATIONNAME = "Casey Ward";
				TargetAttributes = {
					6EF5024D1AAE89E600693EA9 = {
						CreatedOnToolsVersion = 6.1.1;
					};
					6EF502661AAE89E600693EA9 = {
						CreatedOnToolsVersion = 6.1.1;
						TestTargetID = 6EF5024D1AAE89E600693EA9;
					};
				};
			};
			buildConfigurationList = 6EF502491AAE89E600693EA9 /* Build configuration list for PBXProject "BlocBrowser" */;
			compatibilityVersion = "Xcode 3.2";
			developmentRegion = English;
			hasScannedForEncodings = 0;
			knownRegions = (
				en,
				Base,
			);
			mainGroup = 6EF502451AAE89E600693EA9;
			productRefGroup = 6EF5024F1AAE89E600693EA9 /* Products */;
			projectDirPath = "";
			projectRoot = "";
			targets = (
				6EF5024D1AAE89E600693EA9 /* BlocBrowser */,
				6EF502661AAE89E600693EA9 /* BlocBrowserTests */,
			);
		};
/* End PBXProject section */

/* Begin PBXResourcesBuildPhase section */
		6EF5024C1AAE89E600693EA9 /* Resources */ = {
			isa = PBXResourcesBuildPhase;
			buildActionMask = 2147483647;
			files = (
				6EF5025F1AAE89E600693EA9 /* Images.xcassets in Resources */,
			);
			runOnlyForDeploymentPostprocessing = 0;
		};
		6EF502651AAE89E600693EA9 /* Resources */ = {
			isa = PBXResourcesBuildPhase;
			buildActionMask = 2147483647;
			files = (
			);
			runOnlyForDeploymentPostprocessing = 0;
		};
/* End PBXResourcesBuildPhase section */

/* Begin PBXSourcesBuildPhase section */
		6EF5024A1AAE89E600693EA9 /* Sources */ = {
			isa = PBXSourcesBuildPhase;
			buildActionMask = 2147483647;
			files = (
				6EF502571AAE89E600693EA9 /* AppDelegate.m in Sources */,
				6EF502791AAE89F700693EA9 /* BLCWebBrowserViewController.m in Sources */,
				6EF502541AAE89E600693EA9 /* main.m in Sources */,
			);
			runOnlyForDeploymentPostprocessing = 0;
		};
		6EF502631AAE89E600693EA9 /* Sources */ = {
			isa = PBXSourcesBuildPhase;
			buildActionMask = 2147483647;
			files = (
				6EF5026E1AAE89E600693EA9 /* BlocBrowserTests.m in Sources */,
			);
			runOnlyForDeploymentPostprocessing = 0;
		};
/* End PBXSourcesBuildPhase section */

/* Begin PBXTargetDependency section */
		6EF502691AAE89E600693EA9 /* PBXTargetDependency */ = {
			isa = PBXTargetDependency;
			target = 6EF5024D1AAE89E600693EA9 /* BlocBrowser */;
			targetProxy = 6EF502681AAE89E600693EA9 /* PBXContainerItemProxy */;
		};
/* End PBXTargetDependency section */

/* Begin XCBuildConfiguration section */
		6EF5026F1AAE89E600693EA9 /* Debug */ = {
			isa = XCBuildConfiguration;
			buildSettings = {
				ALWAYS_SEARCH_USER_PATHS = NO;
				CLANG_CXX_LANGUAGE_STANDARD = "gnu++0x";
				CLANG_CXX_LIBRARY = "libc++";
				CLANG_ENABLE_MODULES = YES;
				CLANG_ENABLE_OBJC_ARC = YES;
				CLANG_WARN_BOOL_CONVERSION = YES;
				CLANG_WARN_CONSTANT_CONVERSION = YES;
				CLANG_WARN_DIRECT_OBJC_ISA_USAGE = YES_ERROR;
				CLANG_WARN_EMPTY_BODY = YES;
				CLANG_WARN_ENUM_CONVERSION = YES;
				CLANG_WARN_INT_CONVERSION = YES;
				CLANG_WARN_OBJC_ROOT_CLASS = YES_ERROR;
				CLANG_WARN_UNREACHABLE_CODE = YES;
				CLANG_WARN__DUPLICATE_METHOD_MATCH = YES;
				"CODE_SIGN_IDENTITY[sdk=iphoneos*]" = "iPhone Developer";
				COPY_PHASE_STRIP = NO;
				ENABLE_STRICT_OBJC_MSGSEND = YES;
				GCC_C_LANGUAGE_STANDARD = gnu99;
				GCC_DYNAMIC_NO_PIC = NO;
				GCC_OPTIMIZATION_LEVEL = 0;
				GCC_PREPROCESSOR_DEFINITIONS = (
					"DEBUG=1",
					"$(inherited)",
				);
				GCC_SYMBOLS_PRIVATE_EXTERN = NO;
				GCC_WARN_64_TO_32_BIT_CONVERSION = YES;
				GCC_WARN_ABOUT_RETURN_TYPE = YES_ERROR;
				GCC_WARN_UNDECLARED_SELECTOR = YES;
				GCC_WARN_UNINITIALIZED_AUTOS = YES_AGGRESSIVE;
				GCC_WARN_UNUSED_FUNCTION = YES;
				GCC_WARN_UNUSED_VARIABLE = YES;
				IPHONEOS_DEPLOYMENT_TARGET = 8.1;
				MTL_ENABLE_DEBUG_INFO = YES;
				ONLY_ACTIVE_ARCH = YES;
				SDKROOT = iphoneos;
			};
			name = Debug;
		};
		6EF502701AAE89E600693EA9 /* Release */ = {
			isa = XCBuildConfiguration;
			buildSettings = {
				ALWAYS_SEARCH_USER_PATHS = NO;
				CLANG_CXX_LANGUAGE_STANDARD = "gnu++0x";
				CLANG_CXX_LIBRARY = "libc++";
				CLANG_ENABLE_MODULES = YES;
				CLANG_ENABLE_OBJC_ARC = YES;
				CLANG_WARN_BOOL_CONVERSION = YES;
				CLANG_WARN_CONSTANT_CONVERSION = YES;
				CLANG_WARN_DIRECT_OBJC_ISA_USAGE = YES_ERROR;
				CLANG_WARN_EMPTY_BODY = YES;
				CLANG_WARN_ENUM_CONVERSION = YES;
				CLANG_WARN_INT_CONVERSION = YES;
				CLANG_WARN_OBJC_ROOT_CLASS = YES_ERROR;
				CLANG_WARN_UNREACHABLE_CODE = YES;
				CLANG_WARN__DUPLICATE_METHOD_MATCH = YES;
				"CODE_SIGN_IDENTITY[sdk=iphoneos*]" = "iPhone Developer";
				COPY_PHASE_STRIP = YES;
				ENABLE_NS_ASSERTIONS = NO;
				ENABLE_STRICT_OBJC_MSGSEND = YES;
				GCC_C_LANGUAGE_STANDARD = gnu99;
				GCC_WARN_64_TO_32_BIT_CONVERSION = YES;
				GCC_WARN_ABOUT_RETURN_TYPE = YES_ERROR;
				GCC_WARN_UNDECLARED_SELECTOR = YES;
				GCC_WARN_UNINITIALIZED_AUTOS = YES_AGGRESSIVE;
				GCC_WARN_UNUSED_FUNCTION = YES;
				GCC_WARN_UNUSED_VARIABLE = YES;
				IPHONEOS_DEPLOYMENT_TARGET = 8.1;
				MTL_ENABLE_DEBUG_INFO = NO;
				SDKROOT = iphoneos;
				VALIDATE_PRODUCT = YES;
			};
			name = Release;
		};
		6EF502721AAE89E600693EA9 /* Debug */ = {
			isa = XCBuildConfiguration;
			buildSettings = {
				ASSETCATALOG_COMPILER_APPICON_NAME = AppIcon;
				INFOPLIST_FILE = BlocBrowser/Info.plist;
				LD_RUNPATH_SEARCH_PATHS = "$(inherited) @executable_path/Frameworks";
				PRODUCT_NAME = "$(TARGET_NAME)";
			};
			name = Debug;
		};
		6EF502731AAE89E600693EA9 /* Release */ = {
			isa = XCBuildConfiguration;
			buildSettings = {
				ASSETCATALOG_COMPILER_APPICON_NAME = AppIcon;
				INFOPLIST_FILE = BlocBrowser/Info.plist;
				LD_RUNPATH_SEARCH_PATHS = "$(inherited) @executable_path/Frameworks";
				PRODUCT_NAME = "$(TARGET_NAME)";
			};
			name = Release;
		};
		6EF502751AAE89E600693EA9 /* Debug */ = {
			isa = XCBuildConfiguration;
			buildSettings = {
				BUNDLE_LOADER = "$(TEST_HOST)";
				FRAMEWORK_SEARCH_PATHS = (
					"$(SDKROOT)/Developer/Library/Frameworks",
					"$(inherited)",
				);
				GCC_PREPROCESSOR_DEFINITIONS = (
					"DEBUG=1",
					"$(inherited)",
				);
				INFOPLIST_FILE = BlocBrowserTests/Info.plist;
				LD_RUNPATH_SEARCH_PATHS = "$(inherited) @executable_path/Frameworks @loader_path/Frameworks";
				PRODUCT_NAME = "$(TARGET_NAME)";
				TEST_HOST = "$(BUILT_PRODUCTS_DIR)/BlocBrowser.app/BlocBrowser";
			};
			name = Debug;
		};
		6EF502761AAE89E600693EA9 /* Release */ = {
			isa = XCBuildConfiguration;
			buildSettings = {
				BUNDLE_LOADER = "$(TEST_HOST)";
				FRAMEWORK_SEARCH_PATHS = (
					"$(SDKROOT)/Developer/Library/Frameworks",
					"$(inherited)",
				);
				INFOPLIST_FILE = BlocBrowserTests/Info.plist;
				LD_RUNPATH_SEARCH_PATHS = "$(inherited) @executable_path/Frameworks @loader_path/Frameworks";
				PRODUCT_NAME = "$(TARGET_NAME)";
				TEST_HOST = "$(BUILT_PRODUCTS_DIR)/BlocBrowser.app/BlocBrowser";
			};
			name = Release;
		};
/* End XCBuildConfiguration section */

/* Begin XCConfigurationList section */
		6EF502491AAE89E600693EA9 /* Build configuration list for PBXProject "BlocBrowser" */ = {
			isa = XCConfigurationList;
			buildConfigurations = (
				6EF5026F1AAE89E600693EA9 /* Debug */,
				6EF502701AAE89E600693EA9 /* Release */,
			);
			defaultConfigurationIsVisible = 0;
			defaultConfigurationName = Release;
		};
		6EF502711AAE89E600693EA9 /* Build configuration list for PBXNativeTarget "BlocBrowser" */ = {
			isa = XCConfigurationList;
			buildConfigurations = (
				6EF502721AAE89E600693EA9 /* Debug */,
				6EF502731AAE89E600693EA9 /* Release */,
			);
			defaultConfigurationIsVisible = 0;
		};
		6EF502741AAE89E600693EA9 /* Build configuration list for PBXNativeTarget "BlocBrowserTests" */ = {
			isa = XCConfigurationList;
			buildConfigurations = (
				6EF502751AAE89E600693EA9 /* Debug */,
				6EF502761AAE89E600693EA9 /* Release */,
			);
			defaultConfigurationIsVisible = 0;
		};
/* End XCConfigurationList section */
	};
	rootObject = 6EF502461AAE89E600693EA9 /* Project object */;
}
